<?xml version="1.0" encoding="utf-8"?>
<Project ToolsVersion="4.0" xmlns="http://schemas.microsoft.com/developer/msbuild/2003">
  <ItemGroup>
    <Filter Include="SimpleEngine">
      <UniqueIdentifier>{4528F64C-318B-85F1-DA10-BEA7C6525174}</UniqueIdentifier>
    </Filter>
  </ItemGroup>
  <ItemGroup>
    <ClInclude Include="src\SimpleEngine.h" />
    <ClInclude Include="src\SimpleEngine\Application.h">
      <Filter>SimpleEngine</Filter>
    </ClInclude>
    <ClInclude Include="src\SimpleEngine\Core.h">
      <Filter>SimpleEngine</Filter>
    </ClInclude>
    <ClInclude Include="src\SimpleEngine\EntryPoint.h">
      <Filter>SimpleEngine</Filter>
    </ClInclude>
    <ClInclude Include="src\SimpleEngine\Log.h">
      <Filter>SimpleEngine</Filter>
    </ClInclude>
  </ItemGroup>
  <ItemGroup>
    <ClCompile Include="src\SimpleEngine\Application.cpp">
      <Filter>SimpleEngine</Filter>
    </ClCompile>
    <ClCompile Include="src\SimpleEngine\Log.cpp">
      <Filter>SimpleEngine</Filter>
    </ClCompile>
  </ItemGroup>
</Project>