<?xml version="1.0" encoding="utf-8"?>
<Project ToolsVersion="4.0" xmlns="http://schemas.microsoft.com/developer/msbuild/2003">
  <ItemGroup>
    <Filter Include="src">
      <UniqueIdentifier>{2DAB880B-99B4-887C-2230-9F7C8E38947C}</UniqueIdentifier>
    </Filter>
    <Filter Include="src\Platform">
      <UniqueIdentifier>{21CA02E5-0D2D-9289-B6B2-CA3FA2F45D0C}</UniqueIdentifier>
    </Filter>
    <Filter Include="src\Platform\OpenGL">
      <UniqueIdentifier>{35A49437-A105-7245-2A73-B8F796D3A804}</UniqueIdentifier>
    </Filter>
    <Filter Include="src\Platform\Windows">
      <UniqueIdentifier>{5B054582-4794-CE4B-F0B2-E246DC20DFF1}</UniqueIdentifier>
    </Filter>
    <Filter Include="src\SimpleEngine">
      <UniqueIdentifier>{BCCE1660-A8C7-35B2-D1F9-1A37BD5115BE}</UniqueIdentifier>
    </Filter>
    <Filter Include="src\SimpleEngine\Core">
      <UniqueIdentifier>{94888A1E-00F5-4519-C9E8-DD7635146881}</UniqueIdentifier>
    </Filter>
    <Filter Include="src\SimpleEngine\Events">
      <UniqueIdentifier>{200F71F0-8C46-B987-9550-1DAB0107E080}</UniqueIdentifier>
    </Filter>
    <Filter Include="src\SimpleEngine\ImGui">
      <UniqueIdentifier>{E66046F0-D25A-6F42-BBC7-0553A760D5AE}</UniqueIdentifier>
    </Filter>
    <Filter Include="src\SimpleEngine\Renderer">
      <UniqueIdentifier>{E265ECC7-4E28-2052-97D8-AEDE03DAF82F}</UniqueIdentifier>
    </Filter>
    <Filter Include="third_parties">
      <UniqueIdentifier>{37FABD8B-A3BA-39C2-6CF5-823FD8747E9E}</UniqueIdentifier>
    </Filter>
    <Filter Include="third_parties\glm">
      <UniqueIdentifier>{06C829D2-72DE-2768-BB55-B38927ABF8EF}</UniqueIdentifier>
    </Filter>
    <Filter Include="third_parties\glm\glm">
      <UniqueIdentifier>{55E555E2-C151-11DD-8A45-A93AF6703345}</UniqueIdentifier>
    </Filter>
    <Filter Include="third_parties\glm\glm\detail">
      <UniqueIdentifier>{77EB97B8-63A6-8764-0C5E-00AFF8F7D1F4}</UniqueIdentifier>
    </Filter>
    <Filter Include="third_parties\glm\glm\ext">
      <UniqueIdentifier>{350BDE3A-A1CD-11C5-EA7D-A051567FEAA2}</UniqueIdentifier>
    </Filter>
    <Filter Include="third_parties\glm\glm\gtc">
      <UniqueIdentifier>{2213DE3A-8ED5-11C5-D785-A0514387EAA2}</UniqueIdentifier>
    </Filter>
    <Filter Include="third_parties\glm\glm\gtx">
      <UniqueIdentifier>{3713DE3A-A3D5-11C5-EC85-A0515887EAA2}</UniqueIdentifier>
    </Filter>
    <Filter Include="third_parties\stb_image">
      <UniqueIdentifier>{911BA4C8-FD52-EC5F-065D-508372131359}</UniqueIdentifier>
    </Filter>
  </ItemGroup>
  <ItemGroup>
    <ClInclude Include="src\Platform\OpenGL\OpenGLBuffer.h">
      <Filter>src\Platform\OpenGL</Filter>
    </ClInclude>
    <ClInclude Include="src\Platform\OpenGL\OpenGLContext.h">
      <Filter>src\Platform\OpenGL</Filter>
    </ClInclude>
    <ClInclude Include="src\Platform\OpenGL\OpenGLRendererAPI.h">
      <Filter>src\Platform\OpenGL</Filter>
    </ClInclude>
    <ClInclude Include="src\Platform\OpenGL\OpenGLShader.h">
      <Filter>src\Platform\OpenGL</Filter>
    </ClInclude>
    <ClInclude Include="src\Platform\OpenGL\OpenGLTexture.h">
      <Filter>src\Platform\OpenGL</Filter>
    </ClInclude>
    <ClInclude Include="src\Platform\OpenGL\OpenGLVertexArray.h">
      <Filter>src\Platform\OpenGL</Filter>
    </ClInclude>
    <ClInclude Include="src\Platform\OpenGL\imgui_render_loader.h">
      <Filter>src\Platform\OpenGL</Filter>
    </ClInclude>
    <ClInclude Include="src\Platform\Windows\WindowsInput.h">
      <Filter>src\Platform\Windows</Filter>
    </ClInclude>
    <ClInclude Include="src\Platform\Windows\WindowsWindow.h">
      <Filter>src\Platform\Windows</Filter>
    </ClInclude>
    <ClInclude Include="src\SimpleEngine.h">
      <Filter>src</Filter>
    </ClInclude>
    <ClInclude Include="src\SimpleEngine\Core\Application.h">
      <Filter>src\SimpleEngine\Core</Filter>
    </ClInclude>
    <ClInclude Include="src\SimpleEngine\Core\Core.h">
      <Filter>src\SimpleEngine\Core</Filter>
    </ClInclude>
    <ClInclude Include="src\SimpleEngine\Core\EntryPoint.h">
      <Filter>src\SimpleEngine\Core</Filter>
    </ClInclude>
    <ClInclude Include="src\SimpleEngine\Core\Input.h">
      <Filter>src\SimpleEngine\Core</Filter>
    </ClInclude>
    <ClInclude Include="src\SimpleEngine\Core\KeyCodes.h">
      <Filter>src\SimpleEngine\Core</Filter>
    </ClInclude>
    <ClInclude Include="src\SimpleEngine\Core\Layer.h">
      <Filter>src\SimpleEngine\Core</Filter>
    </ClInclude>
    <ClInclude Include="src\SimpleEngine\Core\LayerStack.h">
      <Filter>src\SimpleEngine\Core</Filter>
    </ClInclude>
    <ClInclude Include="src\SimpleEngine\Core\Log.h">
      <Filter>src\SimpleEngine\Core</Filter>
    </ClInclude>
    <ClInclude Include="src\SimpleEngine\Core\MouseButtonCodes.h">
      <Filter>src\SimpleEngine\Core</Filter>
    </ClInclude>
    <ClInclude Include="src\SimpleEngine\Core\Timestep.h">
      <Filter>src\SimpleEngine\Core</Filter>
    </ClInclude>
    <ClInclude Include="src\SimpleEngine\Core\Window.h">
      <Filter>src\SimpleEngine\Core</Filter>
    </ClInclude>
    <ClInclude Include="src\SimpleEngine\Events\ApplicationEvent.h">
      <Filter>src\SimpleEngine\Events</Filter>
    </ClInclude>
    <ClInclude Include="src\SimpleEngine\Events\Event.h">
      <Filter>src\SimpleEngine\Events</Filter>
    </ClInclude>
    <ClInclude Include="src\SimpleEngine\Events\KeyEvent.h">
      <Filter>src\SimpleEngine\Events</Filter>
    </ClInclude>
    <ClInclude Include="src\SimpleEngine\Events\KeyEvents.h">
      <Filter>src\SimpleEngine\Events</Filter>
    </ClInclude>
    <ClInclude Include="src\SimpleEngine\Events\MouseEvent.h">
      <Filter>src\SimpleEngine\Events</Filter>
    </ClInclude>
    <ClInclude Include="src\SimpleEngine\ImGui\ImGuiLayer.h">
      <Filter>src\SimpleEngine\ImGui</Filter>
    </ClInclude>
    <ClInclude Include="src\SimpleEngine\Renderer\Buffer.h">
      <Filter>src\SimpleEngine\Renderer</Filter>
    </ClInclude>
    <ClInclude Include="src\SimpleEngine\Renderer\GraphicsContexture.h">
      <Filter>src\SimpleEngine\Renderer</Filter>
    </ClInclude>
    <ClInclude Include="src\SimpleEngine\Renderer\OrthographicCamera.h">
      <Filter>src\SimpleEngine\Renderer</Filter>
    </ClInclude>
    <ClInclude Include="src\SimpleEngine\Renderer\OrthographicCameraController.h">
      <Filter>src\SimpleEngine\Renderer</Filter>
    </ClInclude>
    <ClInclude Include="src\SimpleEngine\Renderer\RenderCommand.h">
      <Filter>src\SimpleEngine\Renderer</Filter>
    </ClInclude>
    <ClInclude Include="src\SimpleEngine\Renderer\Renderer.h">
      <Filter>src\SimpleEngine\Renderer</Filter>
    </ClInclude>
    <ClInclude Include="src\SimpleEngine\Renderer\Renderer2D.h">
      <Filter>src\SimpleEngine\Renderer</Filter>
    </ClInclude>
    <ClInclude Include="src\SimpleEngine\Renderer\RendererAPI.h">
      <Filter>src\SimpleEngine\Renderer</Filter>
    </ClInclude>
    <ClInclude Include="src\SimpleEngine\Renderer\Shader.h">
      <Filter>src\SimpleEngine\Renderer</Filter>
    </ClInclude>
    <ClInclude Include="src\SimpleEngine\Renderer\Texture.h">
      <Filter>src\SimpleEngine\Renderer</Filter>
    </ClInclude>
    <ClInclude Include="src\SimpleEngine\Renderer\VertexArray.h">
      <Filter>src\SimpleEngine\Renderer</Filter>
    </ClInclude>
    <ClInclude Include="src\sepch.h">
      <Filter>src</Filter>
    </ClInclude>
    <ClInclude Include="third_parties\glm\glm\common.hpp">
      <Filter>third_parties\glm\glm</Filter>
    </ClInclude>
    <ClInclude Include="third_parties\glm\glm\detail\_features.hpp">
      <Filter>third_parties\glm\glm\detail</Filter>
    </ClInclude>
    <ClInclude Include="third_parties\glm\glm\detail\_fixes.hpp">
      <Filter>third_parties\glm\glm\detail</Filter>
    </ClInclude>
    <ClInclude Include="third_parties\glm\glm\detail\_noise.hpp">
      <Filter>third_parties\glm\glm\detail</Filter>
    </ClInclude>
    <ClInclude Include="third_parties\glm\glm\detail\_swizzle.hpp">
      <Filter>third_parties\glm\glm\detail</Filter>
    </ClInclude>
    <ClInclude Include="third_parties\glm\glm\detail\_swizzle_func.hpp">
      <Filter>third_parties\glm\glm\detail</Filter>
    </ClInclude>
    <ClInclude Include="third_parties\glm\glm\detail\_vectorize.hpp">
      <Filter>third_parties\glm\glm\detail</Filter>
    </ClInclude>
    <ClInclude Include="third_parties\glm\glm\detail\compute_common.hpp">
      <Filter>third_parties\glm\glm\detail</Filter>
    </ClInclude>
    <ClInclude Include="third_parties\glm\glm\detail\compute_vector_decl.hpp">
      <Filter>third_parties\glm\glm\detail</Filter>
    </ClInclude>
    <ClInclude Include="third_parties\glm\glm\detail\compute_vector_relational.hpp">
      <Filter>third_parties\glm\glm\detail</Filter>
    </ClInclude>
    <ClInclude Include="third_parties\glm\glm\detail\func_common.inl">
      <Filter>third_parties\glm\glm\detail</Filter>
    </ClInclude>
    <ClInclude Include="third_parties\glm\glm\detail\func_common_simd.inl">
      <Filter>third_parties\glm\glm\detail</Filter>
    </ClInclude>
    <ClInclude Include="third_parties\glm\glm\detail\func_exponential.inl">
      <Filter>third_parties\glm\glm\detail</Filter>
    </ClInclude>
    <ClInclude Include="third_parties\glm\glm\detail\func_exponential_simd.inl">
      <Filter>third_parties\glm\glm\detail</Filter>
    </ClInclude>
    <ClInclude Include="third_parties\glm\glm\detail\func_geometric.inl">
      <Filter>third_parties\glm\glm\detail</Filter>
    </ClInclude>
    <ClInclude Include="third_parties\glm\glm\detail\func_geometric_simd.inl">
      <Filter>third_parties\glm\glm\detail</Filter>
    </ClInclude>
    <ClInclude Include="third_parties\glm\glm\detail\func_integer.inl">
      <Filter>third_parties\glm\glm\detail</Filter>
    </ClInclude>
    <ClInclude Include="third_parties\glm\glm\detail\func_integer_simd.inl">
      <Filter>third_parties\glm\glm\detail</Filter>
    </ClInclude>
    <ClInclude Include="third_parties\glm\glm\detail\func_matrix.inl">
      <Filter>third_parties\glm\glm\detail</Filter>
    </ClInclude>
    <ClInclude Include="third_parties\glm\glm\detail\func_matrix_simd.inl">
      <Filter>third_parties\glm\glm\detail</Filter>
    </ClInclude>
    <ClInclude Include="third_parties\glm\glm\detail\func_packing.inl">
      <Filter>third_parties\glm\glm\detail</Filter>
    </ClInclude>
    <ClInclude Include="third_parties\glm\glm\detail\func_packing_simd.inl">
      <Filter>third_parties\glm\glm\detail</Filter>
    </ClInclude>
    <ClInclude Include="third_parties\glm\glm\detail\func_trigonometric.inl">
      <Filter>third_parties\glm\glm\detail</Filter>
    </ClInclude>
    <ClInclude Include="third_parties\glm\glm\detail\func_trigonometric_simd.inl">
      <Filter>third_parties\glm\glm\detail</Filter>
    </ClInclude>
    <ClInclude Include="third_parties\glm\glm\detail\func_vector_relational.inl">
      <Filter>third_parties\glm\glm\detail</Filter>
    </ClInclude>
    <ClInclude Include="third_parties\glm\glm\detail\func_vector_relational_simd.inl">
      <Filter>third_parties\glm\glm\detail</Filter>
    </ClInclude>
    <ClInclude Include="third_parties\glm\glm\detail\qualifier.hpp">
      <Filter>third_parties\glm\glm\detail</Filter>
    </ClInclude>
    <ClInclude Include="third_parties\glm\glm\detail\setup.hpp">
      <Filter>third_parties\glm\glm\detail</Filter>
    </ClInclude>
    <ClInclude Include="third_parties\glm\glm\detail\type_float.hpp">
      <Filter>third_parties\glm\glm\detail</Filter>
    </ClInclude>
    <ClInclude Include="third_parties\glm\glm\detail\type_half.hpp">
      <Filter>third_parties\glm\glm\detail</Filter>
    </ClInclude>
    <ClInclude Include="third_parties\glm\glm\detail\type_half.inl">
      <Filter>third_parties\glm\glm\detail</Filter>
    </ClInclude>
    <ClInclude Include="third_parties\glm\glm\detail\type_mat2x2.hpp">
      <Filter>third_parties\glm\glm\detail</Filter>
    </ClInclude>
    <ClInclude Include="third_parties\glm\glm\detail\type_mat2x2.inl">
      <Filter>third_parties\glm\glm\detail</Filter>
    </ClInclude>
    <ClInclude Include="third_parties\glm\glm\detail\type_mat2x3.hpp">
      <Filter>third_parties\glm\glm\detail</Filter>
    </ClInclude>
    <ClInclude Include="third_parties\glm\glm\detail\type_mat2x3.inl">
      <Filter>third_parties\glm\glm\detail</Filter>
    </ClInclude>
    <ClInclude Include="third_parties\glm\glm\detail\type_mat2x4.hpp">
      <Filter>third_parties\glm\glm\detail</Filter>
    </ClInclude>
    <ClInclude Include="third_parties\glm\glm\detail\type_mat2x4.inl">
      <Filter>third_parties\glm\glm\detail</Filter>
    </ClInclude>
    <ClInclude Include="third_parties\glm\glm\detail\type_mat3x2.hpp">
      <Filter>third_parties\glm\glm\detail</Filter>
    </ClInclude>
    <ClInclude Include="third_parties\glm\glm\detail\type_mat3x2.inl">
      <Filter>third_parties\glm\glm\detail</Filter>
    </ClInclude>
    <ClInclude Include="third_parties\glm\glm\detail\type_mat3x3.hpp">
      <Filter>third_parties\glm\glm\detail</Filter>
    </ClInclude>
    <ClInclude Include="third_parties\glm\glm\detail\type_mat3x3.inl">
      <Filter>third_parties\glm\glm\detail</Filter>
    </ClInclude>
    <ClInclude Include="third_parties\glm\glm\detail\type_mat3x4.hpp">
      <Filter>third_parties\glm\glm\detail</Filter>
    </ClInclude>
    <ClInclude Include="third_parties\glm\glm\detail\type_mat3x4.inl">
      <Filter>third_parties\glm\glm\detail</Filter>
    </ClInclude>
    <ClInclude Include="third_parties\glm\glm\detail\type_mat4x2.hpp">
      <Filter>third_parties\glm\glm\detail</Filter>
    </ClInclude>
    <ClInclude Include="third_parties\glm\glm\detail\type_mat4x2.inl">
      <Filter>third_parties\glm\glm\detail</Filter>
    </ClInclude>
    <ClInclude Include="third_parties\glm\glm\detail\type_mat4x3.hpp">
      <Filter>third_parties\glm\glm\detail</Filter>
    </ClInclude>
    <ClInclude Include="third_parties\glm\glm\detail\type_mat4x3.inl">
      <Filter>third_parties\glm\glm\detail</Filter>
    </ClInclude>
    <ClInclude Include="third_parties\glm\glm\detail\type_mat4x4.hpp">
      <Filter>third_parties\glm\glm\detail</Filter>
    </ClInclude>
    <ClInclude Include="third_parties\glm\glm\detail\type_mat4x4.inl">
      <Filter>third_parties\glm\glm\detail</Filter>
    </ClInclude>
    <ClInclude Include="third_parties\glm\glm\detail\type_mat4x4_simd.inl">
      <Filter>third_parties\glm\glm\detail</Filter>
    </ClInclude>
    <ClInclude Include="third_parties\glm\glm\detail\type_quat.hpp">
      <Filter>third_parties\glm\glm\detail</Filter>
    </ClInclude>
    <ClInclude Include="third_parties\glm\glm\detail\type_quat.inl">
      <Filter>third_parties\glm\glm\detail</Filter>
    </ClInclude>
    <ClInclude Include="third_parties\glm\glm\detail\type_quat_simd.inl">
      <Filter>third_parties\glm\glm\detail</Filter>
    </ClInclude>
    <ClInclude Include="third_parties\glm\glm\detail\type_vec1.hpp">
      <Filter>third_parties\glm\glm\detail</Filter>
    </ClInclude>
    <ClInclude Include="third_parties\glm\glm\detail\type_vec1.inl">
      <Filter>third_parties\glm\glm\detail</Filter>
    </ClInclude>
    <ClInclude Include="third_parties\glm\glm\detail\type_vec2.hpp">
      <Filter>third_parties\glm\glm\detail</Filter>
    </ClInclude>
    <ClInclude Include="third_parties\glm\glm\detail\type_vec2.inl">
      <Filter>third_parties\glm\glm\detail</Filter>
    </ClInclude>
    <ClInclude Include="third_parties\glm\glm\detail\type_vec3.hpp">
      <Filter>third_parties\glm\glm\detail</Filter>
    </ClInclude>
    <ClInclude Include="third_parties\glm\glm\detail\type_vec3.inl">
      <Filter>third_parties\glm\glm\detail</Filter>
    </ClInclude>
    <ClInclude Include="third_parties\glm\glm\detail\type_vec4.hpp">
      <Filter>third_parties\glm\glm\detail</Filter>
    </ClInclude>
    <ClInclude Include="third_parties\glm\glm\detail\type_vec4.inl">
      <Filter>third_parties\glm\glm\detail</Filter>
    </ClInclude>
    <ClInclude Include="third_parties\glm\glm\detail\type_vec_simd.inl">
      <Filter>third_parties\glm\glm\detail</Filter>
    </ClInclude>
    <ClInclude Include="third_parties\glm\glm\exponential.hpp">
      <Filter>third_parties\glm\glm</Filter>
    </ClInclude>
    <ClInclude Include="third_parties\glm\glm\ext.hpp">
      <Filter>third_parties\glm\glm</Filter>
    </ClInclude>
    <ClInclude Include="third_parties\glm\glm\ext\_matrix_vectorize.hpp">
      <Filter>third_parties\glm\glm\ext</Filter>
    </ClInclude>
    <ClInclude Include="third_parties\glm\glm\ext\matrix_clip_space.hpp">
      <Filter>third_parties\glm\glm\ext</Filter>
    </ClInclude>
    <ClInclude Include="third_parties\glm\glm\ext\matrix_clip_space.inl">
      <Filter>third_parties\glm\glm\ext</Filter>
    </ClInclude>
    <ClInclude Include="third_parties\glm\glm\ext\matrix_common.hpp">
      <Filter>third_parties\glm\glm\ext</Filter>
    </ClInclude>
    <ClInclude Include="third_parties\glm\glm\ext\matrix_common.inl">
      <Filter>third_parties\glm\glm\ext</Filter>
    </ClInclude>
    <ClInclude Include="third_parties\glm\glm\ext\matrix_double2x2.hpp">
      <Filter>third_parties\glm\glm\ext</Filter>
    </ClInclude>
    <ClInclude Include="third_parties\glm\glm\ext\matrix_double2x2_precision.hpp">
      <Filter>third_parties\glm\glm\ext</Filter>
    </ClInclude>
    <ClInclude Include="third_parties\glm\glm\ext\matrix_double2x3.hpp">
      <Filter>third_parties\glm\glm\ext</Filter>
    </ClInclude>
    <ClInclude Include="third_parties\glm\glm\ext\matrix_double2x3_precision.hpp">
      <Filter>third_parties\glm\glm\ext</Filter>
    </ClInclude>
    <ClInclude Include="third_parties\glm\glm\ext\matrix_double2x4.hpp">
      <Filter>third_parties\glm\glm\ext</Filter>
    </ClInclude>
    <ClInclude Include="third_parties\glm\glm\ext\matrix_double2x4_precision.hpp">
      <Filter>third_parties\glm\glm\ext</Filter>
    </ClInclude>
    <ClInclude Include="third_parties\glm\glm\ext\matrix_double3x2.hpp">
      <Filter>third_parties\glm\glm\ext</Filter>
    </ClInclude>
    <ClInclude Include="third_parties\glm\glm\ext\matrix_double3x2_precision.hpp">
      <Filter>third_parties\glm\glm\ext</Filter>
    </ClInclude>
    <ClInclude Include="third_parties\glm\glm\ext\matrix_double3x3.hpp">
      <Filter>third_parties\glm\glm\ext</Filter>
    </ClInclude>
    <ClInclude Include="third_parties\glm\glm\ext\matrix_double3x3_precision.hpp">
      <Filter>third_parties\glm\glm\ext</Filter>
    </ClInclude>
    <ClInclude Include="third_parties\glm\glm\ext\matrix_double3x4.hpp">
      <Filter>third_parties\glm\glm\ext</Filter>
    </ClInclude>
    <ClInclude Include="third_parties\glm\glm\ext\matrix_double3x4_precision.hpp">
      <Filter>third_parties\glm\glm\ext</Filter>
    </ClInclude>
    <ClInclude Include="third_parties\glm\glm\ext\matrix_double4x2.hpp">
      <Filter>third_parties\glm\glm\ext</Filter>
    </ClInclude>
    <ClInclude Include="third_parties\glm\glm\ext\matrix_double4x2_precision.hpp">
      <Filter>third_parties\glm\glm\ext</Filter>
    </ClInclude>
    <ClInclude Include="third_parties\glm\glm\ext\matrix_double4x3.hpp">
      <Filter>third_parties\glm\glm\ext</Filter>
    </ClInclude>
    <ClInclude Include="third_parties\glm\glm\ext\matrix_double4x3_precision.hpp">
      <Filter>third_parties\glm\glm\ext</Filter>
    </ClInclude>
    <ClInclude Include="third_parties\glm\glm\ext\matrix_double4x4.hpp">
      <Filter>third_parties\glm\glm\ext</Filter>
    </ClInclude>
    <ClInclude Include="third_parties\glm\glm\ext\matrix_double4x4_precision.hpp">
      <Filter>third_parties\glm\glm\ext</Filter>
    </ClInclude>
    <ClInclude Include="third_parties\glm\glm\ext\matrix_float2x2.hpp">
      <Filter>third_parties\glm\glm\ext</Filter>
    </ClInclude>
    <ClInclude Include="third_parties\glm\glm\ext\matrix_float2x2_precision.hpp">
      <Filter>third_parties\glm\glm\ext</Filter>
    </ClInclude>
    <ClInclude Include="third_parties\glm\glm\ext\matrix_float2x3.hpp">
      <Filter>third_parties\glm\glm\ext</Filter>
    </ClInclude>
    <ClInclude Include="third_parties\glm\glm\ext\matrix_float2x3_precision.hpp">
      <Filter>third_parties\glm\glm\ext</Filter>
    </ClInclude>
    <ClInclude Include="third_parties\glm\glm\ext\matrix_float2x4.hpp">
      <Filter>third_parties\glm\glm\ext</Filter>
    </ClInclude>
    <ClInclude Include="third_parties\glm\glm\ext\matrix_float2x4_precision.hpp">
      <Filter>third_parties\glm\glm\ext</Filter>
    </ClInclude>
    <ClInclude Include="third_parties\glm\glm\ext\matrix_float3x2.hpp">
      <Filter>third_parties\glm\glm\ext</Filter>
    </ClInclude>
    <ClInclude Include="third_parties\glm\glm\ext\matrix_float3x2_precision.hpp">
      <Filter>third_parties\glm\glm\ext</Filter>
    </ClInclude>
    <ClInclude Include="third_parties\glm\glm\ext\matrix_float3x3.hpp">
      <Filter>third_parties\glm\glm\ext</Filter>
    </ClInclude>
    <ClInclude Include="third_parties\glm\glm\ext\matrix_float3x3_precision.hpp">
      <Filter>third_parties\glm\glm\ext</Filter>
    </ClInclude>
    <ClInclude Include="third_parties\glm\glm\ext\matrix_float3x4.hpp">
      <Filter>third_parties\glm\glm\ext</Filter>
    </ClInclude>
    <ClInclude Include="third_parties\glm\glm\ext\matrix_float3x4_precision.hpp">
      <Filter>third_parties\glm\glm\ext</Filter>
    </ClInclude>
    <ClInclude Include="third_parties\glm\glm\ext\matrix_float4x2.hpp">
      <Filter>third_parties\glm\glm\ext</Filter>
    </ClInclude>
    <ClInclude Include="third_parties\glm\glm\ext\matrix_float4x2_precision.hpp">
      <Filter>third_parties\glm\glm\ext</Filter>
    </ClInclude>
    <ClInclude Include="third_parties\glm\glm\ext\matrix_float4x3.hpp">
      <Filter>third_parties\glm\glm\ext</Filter>
    </ClInclude>
    <ClInclude Include="third_parties\glm\glm\ext\matrix_float4x3_precision.hpp">
      <Filter>third_parties\glm\glm\ext</Filter>
    </ClInclude>
    <ClInclude Include="third_parties\glm\glm\ext\matrix_float4x4.hpp">
      <Filter>third_parties\glm\glm\ext</Filter>
    </ClInclude>
    <ClInclude Include="third_parties\glm\glm\ext\matrix_float4x4_precision.hpp">
      <Filter>third_parties\glm\glm\ext</Filter>
    </ClInclude>
    <ClInclude Include="third_parties\glm\glm\ext\matrix_int2x2.hpp">
      <Filter>third_parties\glm\glm\ext</Filter>
    </ClInclude>
    <ClInclude Include="third_parties\glm\glm\ext\matrix_int2x2_sized.hpp">
      <Filter>third_parties\glm\glm\ext</Filter>
    </ClInclude>
    <ClInclude Include="third_parties\glm\glm\ext\matrix_int2x3.hpp">
      <Filter>third_parties\glm\glm\ext</Filter>
    </ClInclude>
    <ClInclude Include="third_parties\glm\glm\ext\matrix_int2x3_sized.hpp">
      <Filter>third_parties\glm\glm\ext</Filter>
    </ClInclude>
    <ClInclude Include="third_parties\glm\glm\ext\matrix_int2x4.hpp">
      <Filter>third_parties\glm\glm\ext</Filter>
    </ClInclude>
    <ClInclude Include="third_parties\glm\glm\ext\matrix_int2x4_sized.hpp">
      <Filter>third_parties\glm\glm\ext</Filter>
    </ClInclude>
    <ClInclude Include="third_parties\glm\glm\ext\matrix_int3x2.hpp">
      <Filter>third_parties\glm\glm\ext</Filter>
    </ClInclude>
    <ClInclude Include="third_parties\glm\glm\ext\matrix_int3x2_sized.hpp">
      <Filter>third_parties\glm\glm\ext</Filter>
    </ClInclude>
    <ClInclude Include="third_parties\glm\glm\ext\matrix_int3x3.hpp">
      <Filter>third_parties\glm\glm\ext</Filter>
    </ClInclude>
    <ClInclude Include="third_parties\glm\glm\ext\matrix_int3x3_sized.hpp">
      <Filter>third_parties\glm\glm\ext</Filter>
    </ClInclude>
    <ClInclude Include="third_parties\glm\glm\ext\matrix_int3x4.hpp">
      <Filter>third_parties\glm\glm\ext</Filter>
    </ClInclude>
    <ClInclude Include="third_parties\glm\glm\ext\matrix_int3x4_sized.hpp">
      <Filter>third_parties\glm\glm\ext</Filter>
    </ClInclude>
    <ClInclude Include="third_parties\glm\glm\ext\matrix_int4x2.hpp">
      <Filter>third_parties\glm\glm\ext</Filter>
    </ClInclude>
    <ClInclude Include="third_parties\glm\glm\ext\matrix_int4x2_sized.hpp">
      <Filter>third_parties\glm\glm\ext</Filter>
    </ClInclude>
    <ClInclude Include="third_parties\glm\glm\ext\matrix_int4x3.hpp">
      <Filter>third_parties\glm\glm\ext</Filter>
    </ClInclude>
    <ClInclude Include="third_parties\glm\glm\ext\matrix_int4x3_sized.hpp">
      <Filter>third_parties\glm\glm\ext</Filter>
    </ClInclude>
    <ClInclude Include="third_parties\glm\glm\ext\matrix_int4x4.hpp">
      <Filter>third_parties\glm\glm\ext</Filter>
    </ClInclude>
    <ClInclude Include="third_parties\glm\glm\ext\matrix_int4x4_sized.hpp">
      <Filter>third_parties\glm\glm\ext</Filter>
    </ClInclude>
    <ClInclude Include="third_parties\glm\glm\ext\matrix_integer.hpp">
      <Filter>third_parties\glm\glm\ext</Filter>
    </ClInclude>
    <ClInclude Include="third_parties\glm\glm\ext\matrix_integer.inl">
      <Filter>third_parties\glm\glm\ext</Filter>
    </ClInclude>
    <ClInclude Include="third_parties\glm\glm\ext\matrix_projection.hpp">
      <Filter>third_parties\glm\glm\ext</Filter>
    </ClInclude>
    <ClInclude Include="third_parties\glm\glm\ext\matrix_projection.inl">
      <Filter>third_parties\glm\glm\ext</Filter>
    </ClInclude>
    <ClInclude Include="third_parties\glm\glm\ext\matrix_relational.hpp">
      <Filter>third_parties\glm\glm\ext</Filter>
    </ClInclude>
    <ClInclude Include="third_parties\glm\glm\ext\matrix_relational.inl">
      <Filter>third_parties\glm\glm\ext</Filter>
    </ClInclude>
    <ClInclude Include="third_parties\glm\glm\ext\matrix_transform.hpp">
      <Filter>third_parties\glm\glm\ext</Filter>
    </ClInclude>
    <ClInclude Include="third_parties\glm\glm\ext\matrix_transform.inl">
      <Filter>third_parties\glm\glm\ext</Filter>
    </ClInclude>
    <ClInclude Include="third_parties\glm\glm\ext\matrix_uint2x2.hpp">
      <Filter>third_parties\glm\glm\ext</Filter>
    </ClInclude>
    <ClInclude Include="third_parties\glm\glm\ext\matrix_uint2x2_sized.hpp">
      <Filter>third_parties\glm\glm\ext</Filter>
    </ClInclude>
    <ClInclude Include="third_parties\glm\glm\ext\matrix_uint2x3.hpp">
      <Filter>third_parties\glm\glm\ext</Filter>
    </ClInclude>
    <ClInclude Include="third_parties\glm\glm\ext\matrix_uint2x3_sized.hpp">
      <Filter>third_parties\glm\glm\ext</Filter>
    </ClInclude>
    <ClInclude Include="third_parties\glm\glm\ext\matrix_uint2x4.hpp">
      <Filter>third_parties\glm\glm\ext</Filter>
    </ClInclude>
    <ClInclude Include="third_parties\glm\glm\ext\matrix_uint2x4_sized.hpp">
      <Filter>third_parties\glm\glm\ext</Filter>
    </ClInclude>
    <ClInclude Include="third_parties\glm\glm\ext\matrix_uint3x2.hpp">
      <Filter>third_parties\glm\glm\ext</Filter>
    </ClInclude>
    <ClInclude Include="third_parties\glm\glm\ext\matrix_uint3x2_sized.hpp">
      <Filter>third_parties\glm\glm\ext</Filter>
    </ClInclude>
    <ClInclude Include="third_parties\glm\glm\ext\matrix_uint3x3.hpp">
      <Filter>third_parties\glm\glm\ext</Filter>
    </ClInclude>
    <ClInclude Include="third_parties\glm\glm\ext\matrix_uint3x3_sized.hpp">
      <Filter>third_parties\glm\glm\ext</Filter>
    </ClInclude>
    <ClInclude Include="third_parties\glm\glm\ext\matrix_uint3x4.hpp">
      <Filter>third_parties\glm\glm\ext</Filter>
    </ClInclude>
    <ClInclude Include="third_parties\glm\glm\ext\matrix_uint3x4_sized.hpp">
      <Filter>third_parties\glm\glm\ext</Filter>
    </ClInclude>
    <ClInclude Include="third_parties\glm\glm\ext\matrix_uint4x2.hpp">
      <Filter>third_parties\glm\glm\ext</Filter>
    </ClInclude>
    <ClInclude Include="third_parties\glm\glm\ext\matrix_uint4x2_sized.hpp">
      <Filter>third_parties\glm\glm\ext</Filter>
    </ClInclude>
    <ClInclude Include="third_parties\glm\glm\ext\matrix_uint4x3.hpp">
      <Filter>third_parties\glm\glm\ext</Filter>
    </ClInclude>
    <ClInclude Include="third_parties\glm\glm\ext\matrix_uint4x3_sized.hpp">
      <Filter>third_parties\glm\glm\ext</Filter>
    </ClInclude>
    <ClInclude Include="third_parties\glm\glm\ext\matrix_uint4x4.hpp">
      <Filter>third_parties\glm\glm\ext</Filter>
    </ClInclude>
    <ClInclude Include="third_parties\glm\glm\ext\matrix_uint4x4_sized.hpp">
      <Filter>third_parties\glm\glm\ext</Filter>
    </ClInclude>
    <ClInclude Include="third_parties\glm\glm\ext\quaternion_common.hpp">
      <Filter>third_parties\glm\glm\ext</Filter>
    </ClInclude>
    <ClInclude Include="third_parties\glm\glm\ext\quaternion_common.inl">
      <Filter>third_parties\glm\glm\ext</Filter>
    </ClInclude>
    <ClInclude Include="third_parties\glm\glm\ext\quaternion_common_simd.inl">
      <Filter>third_parties\glm\glm\ext</Filter>
    </ClInclude>
    <ClInclude Include="third_parties\glm\glm\ext\quaternion_double.hpp">
      <Filter>third_parties\glm\glm\ext</Filter>
    </ClInclude>
    <ClInclude Include="third_parties\glm\glm\ext\quaternion_double_precision.hpp">
      <Filter>third_parties\glm\glm\ext</Filter>
    </ClInclude>
    <ClInclude Include="third_parties\glm\glm\ext\quaternion_exponential.hpp">
      <Filter>third_parties\glm\glm\ext</Filter>
    </ClInclude>
    <ClInclude Include="third_parties\glm\glm\ext\quaternion_exponential.inl">
      <Filter>third_parties\glm\glm\ext</Filter>
    </ClInclude>
    <ClInclude Include="third_parties\glm\glm\ext\quaternion_float.hpp">
      <Filter>third_parties\glm\glm\ext</Filter>
    </ClInclude>
    <ClInclude Include="third_parties\glm\glm\ext\quaternion_float_precision.hpp">
      <Filter>third_parties\glm\glm\ext</Filter>
    </ClInclude>
    <ClInclude Include="third_parties\glm\glm\ext\quaternion_geometric.hpp">
      <Filter>third_parties\glm\glm\ext</Filter>
    </ClInclude>
    <ClInclude Include="third_parties\glm\glm\ext\quaternion_geometric.inl">
      <Filter>third_parties\glm\glm\ext</Filter>
    </ClInclude>
    <ClInclude Include="third_parties\glm\glm\ext\quaternion_relational.hpp">
      <Filter>third_parties\glm\glm\ext</Filter>
    </ClInclude>
    <ClInclude Include="third_parties\glm\glm\ext\quaternion_relational.inl">
      <Filter>third_parties\glm\glm\ext</Filter>
    </ClInclude>
    <ClInclude Include="third_parties\glm\glm\ext\quaternion_transform.hpp">
      <Filter>third_parties\glm\glm\ext</Filter>
    </ClInclude>
    <ClInclude Include="third_parties\glm\glm\ext\quaternion_transform.inl">
      <Filter>third_parties\glm\glm\ext</Filter>
    </ClInclude>
    <ClInclude Include="third_parties\glm\glm\ext\quaternion_trigonometric.hpp">
      <Filter>third_parties\glm\glm\ext</Filter>
    </ClInclude>
    <ClInclude Include="third_parties\glm\glm\ext\quaternion_trigonometric.inl">
      <Filter>third_parties\glm\glm\ext</Filter>
    </ClInclude>
    <ClInclude Include="third_parties\glm\glm\ext\scalar_common.hpp">
      <Filter>third_parties\glm\glm\ext</Filter>
    </ClInclude>
    <ClInclude Include="third_parties\glm\glm\ext\scalar_common.inl">
      <Filter>third_parties\glm\glm\ext</Filter>
    </ClInclude>
    <ClInclude Include="third_parties\glm\glm\ext\scalar_constants.hpp">
      <Filter>third_parties\glm\glm\ext</Filter>
    </ClInclude>
    <ClInclude Include="third_parties\glm\glm\ext\scalar_constants.inl">
      <Filter>third_parties\glm\glm\ext</Filter>
    </ClInclude>
    <ClInclude Include="third_parties\glm\glm\ext\scalar_int_sized.hpp">
      <Filter>third_parties\glm\glm\ext</Filter>
    </ClInclude>
    <ClInclude Include="third_parties\glm\glm\ext\scalar_integer.hpp">
      <Filter>third_parties\glm\glm\ext</Filter>
    </ClInclude>
    <ClInclude Include="third_parties\glm\glm\ext\scalar_integer.inl">
      <Filter>third_parties\glm\glm\ext</Filter>
    </ClInclude>
    <ClInclude Include="third_parties\glm\glm\ext\scalar_packing.hpp">
      <Filter>third_parties\glm\glm\ext</Filter>
    </ClInclude>
    <ClInclude Include="third_parties\glm\glm\ext\scalar_packing.inl">
      <Filter>third_parties\glm\glm\ext</Filter>
    </ClInclude>
    <ClInclude Include="third_parties\glm\glm\ext\scalar_reciprocal.hpp">
      <Filter>third_parties\glm\glm\ext</Filter>
    </ClInclude>
    <ClInclude Include="third_parties\glm\glm\ext\scalar_reciprocal.inl">
      <Filter>third_parties\glm\glm\ext</Filter>
    </ClInclude>
    <ClInclude Include="third_parties\glm\glm\ext\scalar_relational.hpp">
      <Filter>third_parties\glm\glm\ext</Filter>
    </ClInclude>
    <ClInclude Include="third_parties\glm\glm\ext\scalar_relational.inl">
      <Filter>third_parties\glm\glm\ext</Filter>
    </ClInclude>
    <ClInclude Include="third_parties\glm\glm\ext\scalar_uint_sized.hpp">
      <Filter>third_parties\glm\glm\ext</Filter>
    </ClInclude>
    <ClInclude Include="third_parties\glm\glm\ext\scalar_ulp.hpp">
      <Filter>third_parties\glm\glm\ext</Filter>
    </ClInclude>
    <ClInclude Include="third_parties\glm\glm\ext\scalar_ulp.inl">
      <Filter>third_parties\glm\glm\ext</Filter>
    </ClInclude>
    <ClInclude Include="third_parties\glm\glm\ext\vector_bool1.hpp">
      <Filter>third_parties\glm\glm\ext</Filter>
    </ClInclude>
    <ClInclude Include="third_parties\glm\glm\ext\vector_bool1_precision.hpp">
      <Filter>third_parties\glm\glm\ext</Filter>
    </ClInclude>
    <ClInclude Include="third_parties\glm\glm\ext\vector_bool2.hpp">
      <Filter>third_parties\glm\glm\ext</Filter>
    </ClInclude>
    <ClInclude Include="third_parties\glm\glm\ext\vector_bool2_precision.hpp">
      <Filter>third_parties\glm\glm\ext</Filter>
    </ClInclude>
    <ClInclude Include="third_parties\glm\glm\ext\vector_bool3.hpp">
      <Filter>third_parties\glm\glm\ext</Filter>
    </ClInclude>
    <ClInclude Include="third_parties\glm\glm\ext\vector_bool3_precision.hpp">
      <Filter>third_parties\glm\glm\ext</Filter>
    </ClInclude>
    <ClInclude Include="third_parties\glm\glm\ext\vector_bool4.hpp">
      <Filter>third_parties\glm\glm\ext</Filter>
    </ClInclude>
    <ClInclude Include="third_parties\glm\glm\ext\vector_bool4_precision.hpp">
      <Filter>third_parties\glm\glm\ext</Filter>
    </ClInclude>
    <ClInclude Include="third_parties\glm\glm\ext\vector_common.hpp">
      <Filter>third_parties\glm\glm\ext</Filter>
    </ClInclude>
    <ClInclude Include="third_parties\glm\glm\ext\vector_common.inl">
      <Filter>third_parties\glm\glm\ext</Filter>
    </ClInclude>
    <ClInclude Include="third_parties\glm\glm\ext\vector_double1.hpp">
      <Filter>third_parties\glm\glm\ext</Filter>
    </ClInclude>
    <ClInclude Include="third_parties\glm\glm\ext\vector_double1_precision.hpp">
      <Filter>third_parties\glm\glm\ext</Filter>
    </ClInclude>
    <ClInclude Include="third_parties\glm\glm\ext\vector_double2.hpp">
      <Filter>third_parties\glm\glm\ext</Filter>
    </ClInclude>
    <ClInclude Include="third_parties\glm\glm\ext\vector_double2_precision.hpp">
      <Filter>third_parties\glm\glm\ext</Filter>
    </ClInclude>
    <ClInclude Include="third_parties\glm\glm\ext\vector_double3.hpp">
      <Filter>third_parties\glm\glm\ext</Filter>
    </ClInclude>
    <ClInclude Include="third_parties\glm\glm\ext\vector_double3_precision.hpp">
      <Filter>third_parties\glm\glm\ext</Filter>
    </ClInclude>
    <ClInclude Include="third_parties\glm\glm\ext\vector_double4.hpp">
      <Filter>third_parties\glm\glm\ext</Filter>
    </ClInclude>
    <ClInclude Include="third_parties\glm\glm\ext\vector_double4_precision.hpp">
      <Filter>third_parties\glm\glm\ext</Filter>
    </ClInclude>
    <ClInclude Include="third_parties\glm\glm\ext\vector_float1.hpp">
      <Filter>third_parties\glm\glm\ext</Filter>
    </ClInclude>
    <ClInclude Include="third_parties\glm\glm\ext\vector_float1_precision.hpp">
      <Filter>third_parties\glm\glm\ext</Filter>
    </ClInclude>
    <ClInclude Include="third_parties\glm\glm\ext\vector_float2.hpp">
      <Filter>third_parties\glm\glm\ext</Filter>
    </ClInclude>
    <ClInclude Include="third_parties\glm\glm\ext\vector_float2_precision.hpp">
      <Filter>third_parties\glm\glm\ext</Filter>
    </ClInclude>
    <ClInclude Include="third_parties\glm\glm\ext\vector_float3.hpp">
      <Filter>third_parties\glm\glm\ext</Filter>
    </ClInclude>
    <ClInclude Include="third_parties\glm\glm\ext\vector_float3_precision.hpp">
      <Filter>third_parties\glm\glm\ext</Filter>
    </ClInclude>
    <ClInclude Include="third_parties\glm\glm\ext\vector_float4.hpp">
      <Filter>third_parties\glm\glm\ext</Filter>
    </ClInclude>
    <ClInclude Include="third_parties\glm\glm\ext\vector_float4_precision.hpp">
      <Filter>third_parties\glm\glm\ext</Filter>
    </ClInclude>
    <ClInclude Include="third_parties\glm\glm\ext\vector_int1.hpp">
      <Filter>third_parties\glm\glm\ext</Filter>
    </ClInclude>
    <ClInclude Include="third_parties\glm\glm\ext\vector_int1_sized.hpp">
      <Filter>third_parties\glm\glm\ext</Filter>
    </ClInclude>
    <ClInclude Include="third_parties\glm\glm\ext\vector_int2.hpp">
      <Filter>third_parties\glm\glm\ext</Filter>
    </ClInclude>
    <ClInclude Include="third_parties\glm\glm\ext\vector_int2_sized.hpp">
      <Filter>third_parties\glm\glm\ext</Filter>
    </ClInclude>
    <ClInclude Include="third_parties\glm\glm\ext\vector_int3.hpp">
      <Filter>third_parties\glm\glm\ext</Filter>
    </ClInclude>
    <ClInclude Include="third_parties\glm\glm\ext\vector_int3_sized.hpp">
      <Filter>third_parties\glm\glm\ext</Filter>
    </ClInclude>
    <ClInclude Include="third_parties\glm\glm\ext\vector_int4.hpp">
      <Filter>third_parties\glm\glm\ext</Filter>
    </ClInclude>
    <ClInclude Include="third_parties\glm\glm\ext\vector_int4_sized.hpp">
      <Filter>third_parties\glm\glm\ext</Filter>
    </ClInclude>
    <ClInclude Include="third_parties\glm\glm\ext\vector_integer.hpp">
      <Filter>third_parties\glm\glm\ext</Filter>
    </ClInclude>
    <ClInclude Include="third_parties\glm\glm\ext\vector_integer.inl">
      <Filter>third_parties\glm\glm\ext</Filter>
    </ClInclude>
    <ClInclude Include="third_parties\glm\glm\ext\vector_packing.hpp">
      <Filter>third_parties\glm\glm\ext</Filter>
    </ClInclude>
    <ClInclude Include="third_parties\glm\glm\ext\vector_packing.inl">
      <Filter>third_parties\glm\glm\ext</Filter>
    </ClInclude>
    <ClInclude Include="third_parties\glm\glm\ext\vector_reciprocal.hpp">
      <Filter>third_parties\glm\glm\ext</Filter>
    </ClInclude>
    <ClInclude Include="third_parties\glm\glm\ext\vector_reciprocal.inl">
      <Filter>third_parties\glm\glm\ext</Filter>
    </ClInclude>
    <ClInclude Include="third_parties\glm\glm\ext\vector_relational.hpp">
      <Filter>third_parties\glm\glm\ext</Filter>
    </ClInclude>
    <ClInclude Include="third_parties\glm\glm\ext\vector_relational.inl">
      <Filter>third_parties\glm\glm\ext</Filter>
    </ClInclude>
    <ClInclude Include="third_parties\glm\glm\ext\vector_uint1.hpp">
      <Filter>third_parties\glm\glm\ext</Filter>
    </ClInclude>
    <ClInclude Include="third_parties\glm\glm\ext\vector_uint1_sized.hpp">
      <Filter>third_parties\glm\glm\ext</Filter>
    </ClInclude>
    <ClInclude Include="third_parties\glm\glm\ext\vector_uint2.hpp">
      <Filter>third_parties\glm\glm\ext</Filter>
    </ClInclude>
    <ClInclude Include="third_parties\glm\glm\ext\vector_uint2_sized.hpp">
      <Filter>third_parties\glm\glm\ext</Filter>
    </ClInclude>
    <ClInclude Include="third_parties\glm\glm\ext\vector_uint3.hpp">
      <Filter>third_parties\glm\glm\ext</Filter>
    </ClInclude>
    <ClInclude Include="third_parties\glm\glm\ext\vector_uint3_sized.hpp">
      <Filter>third_parties\glm\glm\ext</Filter>
    </ClInclude>
    <ClInclude Include="third_parties\glm\glm\ext\vector_uint4.hpp">
      <Filter>third_parties\glm\glm\ext</Filter>
    </ClInclude>
    <ClInclude Include="third_parties\glm\glm\ext\vector_uint4_sized.hpp">
      <Filter>third_parties\glm\glm\ext</Filter>
    </ClInclude>
    <ClInclude Include="third_parties\glm\glm\ext\vector_ulp.hpp">
      <Filter>third_parties\glm\glm\ext</Filter>
    </ClInclude>
    <ClInclude Include="third_parties\glm\glm\ext\vector_ulp.inl">
      <Filter>third_parties\glm\glm\ext</Filter>
    </ClInclude>
    <ClInclude Include="third_parties\glm\glm\fwd.hpp">
      <Filter>third_parties\glm\glm</Filter>
    </ClInclude>
    <ClInclude Include="third_parties\glm\glm\geometric.hpp">
      <Filter>third_parties\glm\glm</Filter>
    </ClInclude>
    <ClInclude Include="third_parties\glm\glm\glm.hpp">
      <Filter>third_parties\glm\glm</Filter>
    </ClInclude>
    <ClInclude Include="third_parties\glm\glm\gtc\bitfield.hpp">
      <Filter>third_parties\glm\glm\gtc</Filter>
    </ClInclude>
    <ClInclude Include="third_parties\glm\glm\gtc\bitfield.inl">
      <Filter>third_parties\glm\glm\gtc</Filter>
    </ClInclude>
    <ClInclude Include="third_parties\glm\glm\gtc\color_space.hpp">
      <Filter>third_parties\glm\glm\gtc</Filter>
    </ClInclude>
    <ClInclude Include="third_parties\glm\glm\gtc\color_space.inl">
      <Filter>third_parties\glm\glm\gtc</Filter>
    </ClInclude>
    <ClInclude Include="third_parties\glm\glm\gtc\constants.hpp">
      <Filter>third_parties\glm\glm\gtc</Filter>
    </ClInclude>
    <ClInclude Include="third_parties\glm\glm\gtc\constants.inl">
      <Filter>third_parties\glm\glm\gtc</Filter>
    </ClInclude>
    <ClInclude Include="third_parties\glm\glm\gtc\epsilon.hpp">
      <Filter>third_parties\glm\glm\gtc</Filter>
    </ClInclude>
    <ClInclude Include="third_parties\glm\glm\gtc\epsilon.inl">
      <Filter>third_parties\glm\glm\gtc</Filter>
    </ClInclude>
    <ClInclude Include="third_parties\glm\glm\gtc\integer.hpp">
      <Filter>third_parties\glm\glm\gtc</Filter>
    </ClInclude>
    <ClInclude Include="third_parties\glm\glm\gtc\integer.inl">
      <Filter>third_parties\glm\glm\gtc</Filter>
    </ClInclude>
    <ClInclude Include="third_parties\glm\glm\gtc\matrix_access.hpp">
      <Filter>third_parties\glm\glm\gtc</Filter>
    </ClInclude>
    <ClInclude Include="third_parties\glm\glm\gtc\matrix_access.inl">
      <Filter>third_parties\glm\glm\gtc</Filter>
    </ClInclude>
    <ClInclude Include="third_parties\glm\glm\gtc\matrix_integer.hpp">
      <Filter>third_parties\glm\glm\gtc</Filter>
    </ClInclude>
    <ClInclude Include="third_parties\glm\glm\gtc\matrix_inverse.hpp">
      <Filter>third_parties\glm\glm\gtc</Filter>
    </ClInclude>
    <ClInclude Include="third_parties\glm\glm\gtc\matrix_inverse.inl">
      <Filter>third_parties\glm\glm\gtc</Filter>
    </ClInclude>
    <ClInclude Include="third_parties\glm\glm\gtc\matrix_transform.hpp">
      <Filter>third_parties\glm\glm\gtc</Filter>
    </ClInclude>
    <ClInclude Include="third_parties\glm\glm\gtc\matrix_transform.inl">
      <Filter>third_parties\glm\glm\gtc</Filter>
    </ClInclude>
    <ClInclude Include="third_parties\glm\glm\gtc\noise.hpp">
      <Filter>third_parties\glm\glm\gtc</Filter>
    </ClInclude>
    <ClInclude Include="third_parties\glm\glm\gtc\noise.inl">
      <Filter>third_parties\glm\glm\gtc</Filter>
    </ClInclude>
    <ClInclude Include="third_parties\glm\glm\gtc\packing.hpp">
      <Filter>third_parties\glm\glm\gtc</Filter>
    </ClInclude>
    <ClInclude Include="third_parties\glm\glm\gtc\packing.inl">
      <Filter>third_parties\glm\glm\gtc</Filter>
    </ClInclude>
    <ClInclude Include="third_parties\glm\glm\gtc\quaternion.hpp">
      <Filter>third_parties\glm\glm\gtc</Filter>
    </ClInclude>
    <ClInclude Include="third_parties\glm\glm\gtc\quaternion.inl">
      <Filter>third_parties\glm\glm\gtc</Filter>
    </ClInclude>
    <ClInclude Include="third_parties\glm\glm\gtc\quaternion_simd.inl">
      <Filter>third_parties\glm\glm\gtc</Filter>
    </ClInclude>
    <ClInclude Include="third_parties\glm\glm\gtc\random.hpp">
      <Filter>third_parties\glm\glm\gtc</Filter>
    </ClInclude>
    <ClInclude Include="third_parties\glm\glm\gtc\random.inl">
      <Filter>third_parties\glm\glm\gtc</Filter>
    </ClInclude>
    <ClInclude Include="third_parties\glm\glm\gtc\reciprocal.hpp">
      <Filter>third_parties\glm\glm\gtc</Filter>
    </ClInclude>
    <ClInclude Include="third_parties\glm\glm\gtc\round.hpp">
      <Filter>third_parties\glm\glm\gtc</Filter>
    </ClInclude>
    <ClInclude Include="third_parties\glm\glm\gtc\round.inl">
      <Filter>third_parties\glm\glm\gtc</Filter>
    </ClInclude>
    <ClInclude Include="third_parties\glm\glm\gtc\type_aligned.hpp">
      <Filter>third_parties\glm\glm\gtc</Filter>
    </ClInclude>
    <ClInclude Include="third_parties\glm\glm\gtc\type_precision.hpp">
      <Filter>third_parties\glm\glm\gtc</Filter>
    </ClInclude>
    <ClInclude Include="third_parties\glm\glm\gtc\type_precision.inl">
      <Filter>third_parties\glm\glm\gtc</Filter>
    </ClInclude>
    <ClInclude Include="third_parties\glm\glm\gtc\type_ptr.hpp">
      <Filter>third_parties\glm\glm\gtc</Filter>
    </ClInclude>
    <ClInclude Include="third_parties\glm\glm\gtc\type_ptr.inl">
      <Filter>third_parties\glm\glm\gtc</Filter>
    </ClInclude>
    <ClInclude Include="third_parties\glm\glm\gtc\ulp.hpp">
      <Filter>third_parties\glm\glm\gtc</Filter>
    </ClInclude>
    <ClInclude Include="third_parties\glm\glm\gtc\ulp.inl">
      <Filter>third_parties\glm\glm\gtc</Filter>
    </ClInclude>
    <ClInclude Include="third_parties\glm\glm\gtc\vec1.hpp">
      <Filter>third_parties\glm\glm\gtc</Filter>
    </ClInclude>
    <ClInclude Include="third_parties\glm\glm\gtx\associated_min_max.hpp">
      <Filter>third_parties\glm\glm\gtx</Filter>
    </ClInclude>
    <ClInclude Include="third_parties\glm\glm\gtx\associated_min_max.inl">
      <Filter>third_parties\glm\glm\gtx</Filter>
    </ClInclude>
    <ClInclude Include="third_parties\glm\glm\gtx\bit.hpp">
      <Filter>third_parties\glm\glm\gtx</Filter>
    </ClInclude>
    <ClInclude Include="third_parties\glm\glm\gtx\bit.inl">
      <Filter>third_parties\glm\glm\gtx</Filter>
    </ClInclude>
    <ClInclude Include="third_parties\glm\glm\gtx\closest_point.hpp">
      <Filter>third_parties\glm\glm\gtx</Filter>
    </ClInclude>
    <ClInclude Include="third_parties\glm\glm\gtx\closest_point.inl">
      <Filter>third_parties\glm\glm\gtx</Filter>
    </ClInclude>
    <ClInclude Include="third_parties\glm\glm\gtx\color_encoding.hpp">
      <Filter>third_parties\glm\glm\gtx</Filter>
    </ClInclude>
    <ClInclude Include="third_parties\glm\glm\gtx\color_encoding.inl">
      <Filter>third_parties\glm\glm\gtx</Filter>
    </ClInclude>
    <ClInclude Include="third_parties\glm\glm\gtx\color_space.hpp">
      <Filter>third_parties\glm\glm\gtx</Filter>
    </ClInclude>
    <ClInclude Include="third_parties\glm\glm\gtx\color_space.inl">
      <Filter>third_parties\glm\glm\gtx</Filter>
    </ClInclude>
    <ClInclude Include="third_parties\glm\glm\gtx\color_space_YCoCg.hpp">
      <Filter>third_parties\glm\glm\gtx</Filter>
    </ClInclude>
    <ClInclude Include="third_parties\glm\glm\gtx\color_space_YCoCg.inl">
      <Filter>third_parties\glm\glm\gtx</Filter>
    </ClInclude>
    <ClInclude Include="third_parties\glm\glm\gtx\common.hpp">
      <Filter>third_parties\glm\glm\gtx</Filter>
    </ClInclude>
    <ClInclude Include="third_parties\glm\glm\gtx\common.inl">
      <Filter>third_parties\glm\glm\gtx</Filter>
    </ClInclude>
    <ClInclude Include="third_parties\glm\glm\gtx\compatibility.hpp">
      <Filter>third_parties\glm\glm\gtx</Filter>
    </ClInclude>
    <ClInclude Include="third_parties\glm\glm\gtx\compatibility.inl">
      <Filter>third_parties\glm\glm\gtx</Filter>
    </ClInclude>
    <ClInclude Include="third_parties\glm\glm\gtx\component_wise.hpp">
      <Filter>third_parties\glm\glm\gtx</Filter>
    </ClInclude>
    <ClInclude Include="third_parties\glm\glm\gtx\component_wise.inl">
      <Filter>third_parties\glm\glm\gtx</Filter>
    </ClInclude>
    <ClInclude Include="third_parties\glm\glm\gtx\dual_quaternion.hpp">
      <Filter>third_parties\glm\glm\gtx</Filter>
    </ClInclude>
    <ClInclude Include="third_parties\glm\glm\gtx\dual_quaternion.inl">
      <Filter>third_parties\glm\glm\gtx</Filter>
    </ClInclude>
    <ClInclude Include="third_parties\glm\glm\gtx\easing.hpp">
      <Filter>third_parties\glm\glm\gtx</Filter>
    </ClInclude>
    <ClInclude Include="third_parties\glm\glm\gtx\easing.inl">
      <Filter>third_parties\glm\glm\gtx</Filter>
    </ClInclude>
    <ClInclude Include="third_parties\glm\glm\gtx\euler_angles.hpp">
      <Filter>third_parties\glm\glm\gtx</Filter>
    </ClInclude>
    <ClInclude Include="third_parties\glm\glm\gtx\euler_angles.inl">
      <Filter>third_parties\glm\glm\gtx</Filter>
    </ClInclude>
    <ClInclude Include="third_parties\glm\glm\gtx\extend.hpp">
      <Filter>third_parties\glm\glm\gtx</Filter>
    </ClInclude>
    <ClInclude Include="third_parties\glm\glm\gtx\extend.inl">
      <Filter>third_parties\glm\glm\gtx</Filter>
    </ClInclude>
    <ClInclude Include="third_parties\glm\glm\gtx\extended_min_max.hpp">
      <Filter>third_parties\glm\glm\gtx</Filter>
    </ClInclude>
    <ClInclude Include="third_parties\glm\glm\gtx\extended_min_max.inl">
      <Filter>third_parties\glm\glm\gtx</Filter>
    </ClInclude>
    <ClInclude Include="third_parties\glm\glm\gtx\exterior_product.hpp">
      <Filter>third_parties\glm\glm\gtx</Filter>
    </ClInclude>
    <ClInclude Include="third_parties\glm\glm\gtx\exterior_product.inl">
      <Filter>third_parties\glm\glm\gtx</Filter>
    </ClInclude>
    <ClInclude Include="third_parties\glm\glm\gtx\fast_exponential.hpp">
      <Filter>third_parties\glm\glm\gtx</Filter>
    </ClInclude>
    <ClInclude Include="third_parties\glm\glm\gtx\fast_exponential.inl">
      <Filter>third_parties\glm\glm\gtx</Filter>
    </ClInclude>
    <ClInclude Include="third_parties\glm\glm\gtx\fast_square_root.hpp">
      <Filter>third_parties\glm\glm\gtx</Filter>
    </ClInclude>
    <ClInclude Include="third_parties\glm\glm\gtx\fast_square_root.inl">
      <Filter>third_parties\glm\glm\gtx</Filter>
    </ClInclude>
    <ClInclude Include="third_parties\glm\glm\gtx\fast_trigonometry.hpp">
      <Filter>third_parties\glm\glm\gtx</Filter>
    </ClInclude>
    <ClInclude Include="third_parties\glm\glm\gtx\fast_trigonometry.inl">
      <Filter>third_parties\glm\glm\gtx</Filter>
    </ClInclude>
    <ClInclude Include="third_parties\glm\glm\gtx\float_normalize.inl">
      <Filter>third_parties\glm\glm\gtx</Filter>
    </ClInclude>
    <ClInclude Include="third_parties\glm\glm\gtx\functions.hpp">
      <Filter>third_parties\glm\glm\gtx</Filter>
    </ClInclude>
    <ClInclude Include="third_parties\glm\glm\gtx\functions.inl">
      <Filter>third_parties\glm\glm\gtx</Filter>
    </ClInclude>
    <ClInclude Include="third_parties\glm\glm\gtx\gradient_paint.hpp">
      <Filter>third_parties\glm\glm\gtx</Filter>
    </ClInclude>
    <ClInclude Include="third_parties\glm\glm\gtx\gradient_paint.inl">
      <Filter>third_parties\glm\glm\gtx</Filter>
    </ClInclude>
    <ClInclude Include="third_parties\glm\glm\gtx\handed_coordinate_space.hpp">
      <Filter>third_parties\glm\glm\gtx</Filter>
    </ClInclude>
    <ClInclude Include="third_parties\glm\glm\gtx\handed_coordinate_space.inl">
      <Filter>third_parties\glm\glm\gtx</Filter>
    </ClInclude>
    <ClInclude Include="third_parties\glm\glm\gtx\hash.hpp">
      <Filter>third_parties\glm\glm\gtx</Filter>
    </ClInclude>
    <ClInclude Include="third_parties\glm\glm\gtx\hash.inl">
      <Filter>third_parties\glm\glm\gtx</Filter>
    </ClInclude>
    <ClInclude Include="third_parties\glm\glm\gtx\integer.hpp">
      <Filter>third_parties\glm\glm\gtx</Filter>
    </ClInclude>
    <ClInclude Include="third_parties\glm\glm\gtx\integer.inl">
      <Filter>third_parties\glm\glm\gtx</Filter>
    </ClInclude>
    <ClInclude Include="third_parties\glm\glm\gtx\intersect.hpp">
      <Filter>third_parties\glm\glm\gtx</Filter>
    </ClInclude>
    <ClInclude Include="third_parties\glm\glm\gtx\intersect.inl">
      <Filter>third_parties\glm\glm\gtx</Filter>
    </ClInclude>
    <ClInclude Include="third_parties\glm\glm\gtx\io.hpp">
      <Filter>third_parties\glm\glm\gtx</Filter>
    </ClInclude>
    <ClInclude Include="third_parties\glm\glm\gtx\io.inl">
      <Filter>third_parties\glm\glm\gtx</Filter>
    </ClInclude>
    <ClInclude Include="third_parties\glm\glm\gtx\log_base.hpp">
      <Filter>third_parties\glm\glm\gtx</Filter>
    </ClInclude>
    <ClInclude Include="third_parties\glm\glm\gtx\log_base.inl">
      <Filter>third_parties\glm\glm\gtx</Filter>
    </ClInclude>
    <ClInclude Include="third_parties\glm\glm\gtx\matrix_cross_product.hpp">
      <Filter>third_parties\glm\glm\gtx</Filter>
    </ClInclude>
    <ClInclude Include="third_parties\glm\glm\gtx\matrix_cross_product.inl">
      <Filter>third_parties\glm\glm\gtx</Filter>
    </ClInclude>
    <ClInclude Include="third_parties\glm\glm\gtx\matrix_decompose.hpp">
      <Filter>third_parties\glm\glm\gtx</Filter>
    </ClInclude>
    <ClInclude Include="third_parties\glm\glm\gtx\matrix_decompose.inl">
      <Filter>third_parties\glm\glm\gtx</Filter>
    </ClInclude>
    <ClInclude Include="third_parties\glm\glm\gtx\matrix_factorisation.hpp">
      <Filter>third_parties\glm\glm\gtx</Filter>
    </ClInclude>
    <ClInclude Include="third_parties\glm\glm\gtx\matrix_factorisation.inl">
      <Filter>third_parties\glm\glm\gtx</Filter>
    </ClInclude>
    <ClInclude Include="third_parties\glm\glm\gtx\matrix_interpolation.hpp">
      <Filter>third_parties\glm\glm\gtx</Filter>
    </ClInclude>
    <ClInclude Include="third_parties\glm\glm\gtx\matrix_interpolation.inl">
      <Filter>third_parties\glm\glm\gtx</Filter>
    </ClInclude>
    <ClInclude Include="third_parties\glm\glm\gtx\matrix_major_storage.hpp">
      <Filter>third_parties\glm\glm\gtx</Filter>
    </ClInclude>
    <ClInclude Include="third_parties\glm\glm\gtx\matrix_major_storage.inl">
      <Filter>third_parties\glm\glm\gtx</Filter>
    </ClInclude>
    <ClInclude Include="third_parties\glm\glm\gtx\matrix_operation.hpp">
      <Filter>third_parties\glm\glm\gtx</Filter>
    </ClInclude>
    <ClInclude Include="third_parties\glm\glm\gtx\matrix_operation.inl">
      <Filter>third_parties\glm\glm\gtx</Filter>
    </ClInclude>
    <ClInclude Include="third_parties\glm\glm\gtx\matrix_query.hpp">
      <Filter>third_parties\glm\glm\gtx</Filter>
    </ClInclude>
    <ClInclude Include="third_parties\glm\glm\gtx\matrix_query.inl">
      <Filter>third_parties\glm\glm\gtx</Filter>
    </ClInclude>
    <ClInclude Include="third_parties\glm\glm\gtx\matrix_transform_2d.hpp">
      <Filter>third_parties\glm\glm\gtx</Filter>
    </ClInclude>
    <ClInclude Include="third_parties\glm\glm\gtx\matrix_transform_2d.inl">
      <Filter>third_parties\glm\glm\gtx</Filter>
    </ClInclude>
    <ClInclude Include="third_parties\glm\glm\gtx\mixed_product.hpp">
      <Filter>third_parties\glm\glm\gtx</Filter>
    </ClInclude>
    <ClInclude Include="third_parties\glm\glm\gtx\mixed_product.inl">
      <Filter>third_parties\glm\glm\gtx</Filter>
    </ClInclude>
    <ClInclude Include="third_parties\glm\glm\gtx\norm.hpp">
      <Filter>third_parties\glm\glm\gtx</Filter>
    </ClInclude>
    <ClInclude Include="third_parties\glm\glm\gtx\norm.inl">
      <Filter>third_parties\glm\glm\gtx</Filter>
    </ClInclude>
    <ClInclude Include="third_parties\glm\glm\gtx\normal.hpp">
      <Filter>third_parties\glm\glm\gtx</Filter>
    </ClInclude>
    <ClInclude Include="third_parties\glm\glm\gtx\normal.inl">
      <Filter>third_parties\glm\glm\gtx</Filter>
    </ClInclude>
    <ClInclude Include="third_parties\glm\glm\gtx\normalize_dot.hpp">
      <Filter>third_parties\glm\glm\gtx</Filter>
    </ClInclude>
    <ClInclude Include="third_parties\glm\glm\gtx\normalize_dot.inl">
      <Filter>third_parties\glm\glm\gtx</Filter>
    </ClInclude>
    <ClInclude Include="third_parties\glm\glm\gtx\number_precision.hpp">
      <Filter>third_parties\glm\glm\gtx</Filter>
    </ClInclude>
    <ClInclude Include="third_parties\glm\glm\gtx\optimum_pow.hpp">
      <Filter>third_parties\glm\glm\gtx</Filter>
    </ClInclude>
    <ClInclude Include="third_parties\glm\glm\gtx\optimum_pow.inl">
      <Filter>third_parties\glm\glm\gtx</Filter>
    </ClInclude>
    <ClInclude Include="third_parties\glm\glm\gtx\orthonormalize.hpp">
      <Filter>third_parties\glm\glm\gtx</Filter>
    </ClInclude>
    <ClInclude Include="third_parties\glm\glm\gtx\orthonormalize.inl">
      <Filter>third_parties\glm\glm\gtx</Filter>
    </ClInclude>
    <ClInclude Include="third_parties\glm\glm\gtx\pca.hpp">
      <Filter>third_parties\glm\glm\gtx</Filter>
    </ClInclude>
    <ClInclude Include="third_parties\glm\glm\gtx\pca.inl">
      <Filter>third_parties\glm\glm\gtx</Filter>
    </ClInclude>
    <ClInclude Include="third_parties\glm\glm\gtx\perpendicular.hpp">
      <Filter>third_parties\glm\glm\gtx</Filter>
    </ClInclude>
    <ClInclude Include="third_parties\glm\glm\gtx\perpendicular.inl">
      <Filter>third_parties\glm\glm\gtx</Filter>
    </ClInclude>
    <ClInclude Include="third_parties\glm\glm\gtx\polar_coordinates.hpp">
      <Filter>third_parties\glm\glm\gtx</Filter>
    </ClInclude>
    <ClInclude Include="third_parties\glm\glm\gtx\polar_coordinates.inl">
      <Filter>third_parties\glm\glm\gtx</Filter>
    </ClInclude>
    <ClInclude Include="third_parties\glm\glm\gtx\projection.hpp">
      <Filter>third_parties\glm\glm\gtx</Filter>
    </ClInclude>
    <ClInclude Include="third_parties\glm\glm\gtx\projection.inl">
      <Filter>third_parties\glm\glm\gtx</Filter>
    </ClInclude>
    <ClInclude Include="third_parties\glm\glm\gtx\quaternion.hpp">
      <Filter>third_parties\glm\glm\gtx</Filter>
    </ClInclude>
    <ClInclude Include="third_parties\glm\glm\gtx\quaternion.inl">
      <Filter>third_parties\glm\glm\gtx</Filter>
    </ClInclude>
    <ClInclude Include="third_parties\glm\glm\gtx\range.hpp">
      <Filter>third_parties\glm\glm\gtx</Filter>
    </ClInclude>
    <ClInclude Include="third_parties\glm\glm\gtx\raw_data.hpp">
      <Filter>third_parties\glm\glm\gtx</Filter>
    </ClInclude>
    <ClInclude Include="third_parties\glm\glm\gtx\raw_data.inl">
      <Filter>third_parties\glm\glm\gtx</Filter>
    </ClInclude>
    <ClInclude Include="third_parties\glm\glm\gtx\rotate_normalized_axis.hpp">
      <Filter>third_parties\glm\glm\gtx</Filter>
    </ClInclude>
    <ClInclude Include="third_parties\glm\glm\gtx\rotate_normalized_axis.inl">
      <Filter>third_parties\glm\glm\gtx</Filter>
    </ClInclude>
    <ClInclude Include="third_parties\glm\glm\gtx\rotate_vector.hpp">
      <Filter>third_parties\glm\glm\gtx</Filter>
    </ClInclude>
    <ClInclude Include="third_parties\glm\glm\gtx\rotate_vector.inl">
      <Filter>third_parties\glm\glm\gtx</Filter>
    </ClInclude>
    <ClInclude Include="third_parties\glm\glm\gtx\scalar_multiplication.hpp">
      <Filter>third_parties\glm\glm\gtx</Filter>
    </ClInclude>
    <ClInclude Include="third_parties\glm\glm\gtx\scalar_relational.hpp">
      <Filter>third_parties\glm\glm\gtx</Filter>
    </ClInclude>
    <ClInclude Include="third_parties\glm\glm\gtx\scalar_relational.inl">
      <Filter>third_parties\glm\glm\gtx</Filter>
    </ClInclude>
    <ClInclude Include="third_parties\glm\glm\gtx\spline.hpp">
      <Filter>third_parties\glm\glm\gtx</Filter>
    </ClInclude>
    <ClInclude Include="third_parties\glm\glm\gtx\spline.inl">
      <Filter>third_parties\glm\glm\gtx</Filter>
    </ClInclude>
    <ClInclude Include="third_parties\glm\glm\gtx\std_based_type.hpp">
      <Filter>third_parties\glm\glm\gtx</Filter>
    </ClInclude>
    <ClInclude Include="third_parties\glm\glm\gtx\std_based_type.inl">
      <Filter>third_parties\glm\glm\gtx</Filter>
    </ClInclude>
    <ClInclude Include="third_parties\glm\glm\gtx\string_cast.hpp">
      <Filter>third_parties\glm\glm\gtx</Filter>
    </ClInclude>
    <ClInclude Include="third_parties\glm\glm\gtx\string_cast.inl">
      <Filter>third_parties\glm\glm\gtx</Filter>
    </ClInclude>
    <ClInclude Include="third_parties\glm\glm\gtx\texture.hpp">
      <Filter>third_parties\glm\glm\gtx</Filter>
    </ClInclude>
    <ClInclude Include="third_parties\glm\glm\gtx\texture.inl">
      <Filter>third_parties\glm\glm\gtx</Filter>
    </ClInclude>
    <ClInclude Include="third_parties\glm\glm\gtx\transform.hpp">
      <Filter>third_parties\glm\glm\gtx</Filter>
    </ClInclude>
    <ClInclude Include="third_parties\glm\glm\gtx\transform.inl">
      <Filter>third_parties\glm\glm\gtx</Filter>
    </ClInclude>
    <ClInclude Include="third_parties\glm\glm\gtx\transform2.hpp">
      <Filter>third_parties\glm\glm\gtx</Filter>
    </ClInclude>
    <ClInclude Include="third_parties\glm\glm\gtx\transform2.inl">
      <Filter>third_parties\glm\glm\gtx</Filter>
    </ClInclude>
    <ClInclude Include="third_parties\glm\glm\gtx\type_aligned.hpp">
      <Filter>third_parties\glm\glm\gtx</Filter>
    </ClInclude>
    <ClInclude Include="third_parties\glm\glm\gtx\type_aligned.inl">
      <Filter>third_parties\glm\glm\gtx</Filter>
    </ClInclude>
    <ClInclude Include="third_parties\glm\glm\gtx\type_trait.hpp">
      <Filter>third_parties\glm\glm\gtx</Filter>
    </ClInclude>
    <ClInclude Include="third_parties\glm\glm\gtx\type_trait.inl">
      <Filter>third_parties\glm\glm\gtx</Filter>
    </ClInclude>
    <ClInclude Include="third_parties\glm\glm\gtx\vec_swizzle.hpp">
      <Filter>third_parties\glm\glm\gtx</Filter>
    </ClInclude>
    <ClInclude Include="third_parties\glm\glm\gtx\vector_angle.hpp">
      <Filter>third_parties\glm\glm\gtx</Filter>
    </ClInclude>
    <ClInclude Include="third_parties\glm\glm\gtx\vector_angle.inl">
      <Filter>third_parties\glm\glm\gtx</Filter>
    </ClInclude>
    <ClInclude Include="third_parties\glm\glm\gtx\vector_query.hpp">
      <Filter>third_parties\glm\glm\gtx</Filter>
    </ClInclude>
    <ClInclude Include="third_parties\glm\glm\gtx\vector_query.inl">
      <Filter>third_parties\glm\glm\gtx</Filter>
    </ClInclude>
    <ClInclude Include="third_parties\glm\glm\gtx\wrap.hpp">
      <Filter>third_parties\glm\glm\gtx</Filter>
    </ClInclude>
    <ClInclude Include="third_parties\glm\glm\gtx\wrap.inl">
      <Filter>third_parties\glm\glm\gtx</Filter>
    </ClInclude>
    <ClInclude Include="third_parties\glm\glm\integer.hpp">
      <Filter>third_parties\glm\glm</Filter>
    </ClInclude>
    <ClInclude Include="third_parties\glm\glm\mat2x2.hpp">
      <Filter>third_parties\glm\glm</Filter>
    </ClInclude>
    <ClInclude Include="third_parties\glm\glm\mat2x3.hpp">
      <Filter>third_parties\glm\glm</Filter>
    </ClInclude>
    <ClInclude Include="third_parties\glm\glm\mat2x4.hpp">
      <Filter>third_parties\glm\glm</Filter>
    </ClInclude>
    <ClInclude Include="third_parties\glm\glm\mat3x2.hpp">
      <Filter>third_parties\glm\glm</Filter>
    </ClInclude>
    <ClInclude Include="third_parties\glm\glm\mat3x3.hpp">
      <Filter>third_parties\glm\glm</Filter>
    </ClInclude>
    <ClInclude Include="third_parties\glm\glm\mat3x4.hpp">
      <Filter>third_parties\glm\glm</Filter>
    </ClInclude>
    <ClInclude Include="third_parties\glm\glm\mat4x2.hpp">
      <Filter>third_parties\glm\glm</Filter>
    </ClInclude>
    <ClInclude Include="third_parties\glm\glm\mat4x3.hpp">
      <Filter>third_parties\glm\glm</Filter>
    </ClInclude>
    <ClInclude Include="third_parties\glm\glm\mat4x4.hpp">
      <Filter>third_parties\glm\glm</Filter>
    </ClInclude>
    <ClInclude Include="third_parties\glm\glm\matrix.hpp">
      <Filter>third_parties\glm\glm</Filter>
    </ClInclude>
    <ClInclude Include="third_parties\glm\glm\packing.hpp">
      <Filter>third_parties\glm\glm</Filter>
    </ClInclude>
    <ClInclude Include="third_parties\glm\glm\trigonometric.hpp">
      <Filter>third_parties\glm\glm</Filter>
    </ClInclude>
    <ClInclude Include="third_parties\glm\glm\vec2.hpp">
      <Filter>third_parties\glm\glm</Filter>
    </ClInclude>
    <ClInclude Include="third_parties\glm\glm\vec3.hpp">
      <Filter>third_parties\glm\glm</Filter>
    </ClInclude>
    <ClInclude Include="third_parties\glm\glm\vec4.hpp">
      <Filter>third_parties\glm\glm</Filter>
    </ClInclude>
    <ClInclude Include="third_parties\glm\glm\vector_relational.hpp">
      <Filter>third_parties\glm\glm</Filter>
    </ClInclude>
    <ClInclude Include="third_parties\stb_image\stb_image.h">
      <Filter>third_parties\stb_image</Filter>
    </ClInclude>
  </ItemGroup>
  <ItemGroup>
    <ClCompile Include="src\Platform\OpenGL\OpenGLBuffer.cpp">
      <Filter>src\Platform\OpenGL</Filter>
    </ClCompile>
    <ClCompile Include="src\Platform\OpenGL\OpenGLContext.cpp">
      <Filter>src\Platform\OpenGL</Filter>
    </ClCompile>
    <ClCompile Include="src\Platform\OpenGL\OpenGLRendererAPI.cpp">
      <Filter>src\Platform\OpenGL</Filter>
    </ClCompile>
    <ClCompile Include="src\Platform\OpenGL\OpenGLShader.cpp">
      <Filter>src\Platform\OpenGL</Filter>
    </ClCompile>
    <ClCompile Include="src\Platform\OpenGL\OpenGLTexture.cpp">
      <Filter>src\Platform\OpenGL</Filter>
    </ClCompile>
    <ClCompile Include="src\Platform\OpenGL\OpenGLVertexArray.cpp">
      <Filter>src\Platform\OpenGL</Filter>
    </ClCompile>
    <ClCompile Include="src\Platform\Windows\WindowsInput.cpp">
      <Filter>src\Platform\Windows</Filter>
    </ClCompile>
    <ClCompile Include="src\Platform\Windows\WindowsWindow.cpp">
      <Filter>src\Platform\Windows</Filter>
    </ClCompile>
    <ClCompile Include="src\SimpleEngine\Core\Application.cpp">
      <Filter>src\SimpleEngine\Core</Filter>
    </ClCompile>
    <ClCompile Include="src\SimpleEngine\Core\Layer.cpp">
      <Filter>src\SimpleEngine\Core</Filter>
    </ClCompile>
    <ClCompile Include="src\SimpleEngine\Core\LayerStack.cpp">
      <Filter>src\SimpleEngine\Core</Filter>
    </ClCompile>
    <ClCompile Include="src\SimpleEngine\Core\Log.cpp">
      <Filter>src\SimpleEngine\Core</Filter>
    </ClCompile>
    <ClCompile Include="src\SimpleEngine\ImGui\ImGuiBuild.cpp">
      <Filter>src\SimpleEngine\ImGui</Filter>
    </ClCompile>
    <ClCompile Include="src\SimpleEngine\ImGui\ImGuiLayer.cpp">
      <Filter>src\SimpleEngine\ImGui</Filter>
    </ClCompile>
    <ClCompile Include="src\SimpleEngine\Renderer\Buffer.cpp">
      <Filter>src\SimpleEngine\Renderer</Filter>
    </ClCompile>
    <ClCompile Include="src\SimpleEngine\Renderer\OrthographicCamera.cpp">
      <Filter>src\SimpleEngine\Renderer</Filter>
    </ClCompile>
    <ClCompile Include="src\SimpleEngine\Renderer\OrthographicCameraController.cpp">
      <Filter>src\SimpleEngine\Renderer</Filter>
    </ClCompile>
    <ClCompile Include="src\SimpleEngine\Renderer\RenderCommand.cpp">
      <Filter>src\SimpleEngine\Renderer</Filter>
    </ClCompile>
    <ClCompile Include="src\SimpleEngine\Renderer\Renderer.cpp">
      <Filter>src\SimpleEngine\Renderer</Filter>
    </ClCompile>
    <ClCompile Include="src\SimpleEngine\Renderer\Renderer2D.cpp">
      <Filter>src\SimpleEngine\Renderer</Filter>
    </ClCompile>
    <ClCompile Include="src\SimpleEngine\Renderer\RendererAPI.cpp">
      <Filter>src\SimpleEngine\Renderer</Filter>
    </ClCompile>
    <ClCompile Include="src\SimpleEngine\Renderer\Shader.cpp">
      <Filter>src\SimpleEngine\Renderer</Filter>
    </ClCompile>
    <ClCompile Include="src\SimpleEngine\Renderer\Texture.cpp">
      <Filter>src\SimpleEngine\Renderer</Filter>
    </ClCompile>
    <ClCompile Include="src\SimpleEngine\Renderer\VertexArray.cpp">
      <Filter>src\SimpleEngine\Renderer</Filter>
    </ClCompile>
    <ClCompile Include="src\sepch.cpp">
      <Filter>src</Filter>
    </ClCompile>
    <ClCompile Include="third_parties\stb_image\stb_image.cpp">
      <Filter>third_parties\stb_image</Filter>
    </ClCompile>
  </ItemGroup>
</Project>