<?xml version="1.0" encoding="utf-8"?>
<Project ToolsVersion="4.0" xmlns="http://schemas.microsoft.com/developer/msbuild/2003">
  <ItemGroup>
    <Filter Include="Platform">
      <UniqueIdentifier>{2AC788B4-1694-E3BF-3FAD-D1672BD9184E}</UniqueIdentifier>
    </Filter>
    <Filter Include="Platform\Windows">
      <UniqueIdentifier>{64FBD71A-50F4-F66C-7926-DCF1657ED678}</UniqueIdentifier>
    </Filter>
    <Filter Include="SimpleEngine">
      <UniqueIdentifier>{4528F64C-318B-85F1-DA10-BEA7C6525174}</UniqueIdentifier>
    </Filter>
    <Filter Include="SimpleEngine\Events">
      <UniqueIdentifier>{8934AD1E-F595-8A2C-7E03-D1DEEA63C1EB}</UniqueIdentifier>
    </Filter>
  </ItemGroup>
  <ItemGroup>
    <ClInclude Include="src\Platform\Windows\WindowsWindow.h">
      <Filter>Platform\Windows</Filter>
    </ClInclude>
    <ClInclude Include="src\SimpleEngine.h" />
    <ClInclude Include="src\SimpleEngine\Application.h">
      <Filter>SimpleEngine</Filter>
    </ClInclude>
    <ClInclude Include="src\SimpleEngine\Core.h">
      <Filter>SimpleEngine</Filter>
    </ClInclude>
    <ClInclude Include="src\SimpleEngine\EntryPoint.h">
      <Filter>SimpleEngine</Filter>
    </ClInclude>
    <ClInclude Include="src\SimpleEngine\Events\ApplicationEvent.h">
      <Filter>SimpleEngine\Events</Filter>
    </ClInclude>
    <ClInclude Include="src\SimpleEngine\Events\Event.h">
      <Filter>SimpleEngine\Events</Filter>
    </ClInclude>
    <ClInclude Include="src\SimpleEngine\Events\KeyEvent.h">
      <Filter>SimpleEngine\Events</Filter>
    </ClInclude>
    <ClInclude Include="src\SimpleEngine\Events\MouseEvent.h">
      <Filter>SimpleEngine\Events</Filter>
    </ClInclude>
    <ClInclude Include="src\SimpleEngine\Log.h">
      <Filter>SimpleEngine</Filter>
    </ClInclude>
    <ClInclude Include="src\SimpleEngine\Window.h">
      <Filter>SimpleEngine</Filter>
    </ClInclude>
    <ClInclude Include="src\sepch.h" />
  </ItemGroup>
  <ItemGroup>
    <ClCompile Include="src\Platform\Windows\WindowsWindow.cpp">
      <Filter>Platform\Windows</Filter>
    </ClCompile>
    <ClCompile Include="src\SimpleEngine\Application.cpp">
      <Filter>SimpleEngine</Filter>
    </ClCompile>
    <ClCompile Include="src\SimpleEngine\Log.cpp">
      <Filter>SimpleEngine</Filter>
    </ClCompile>
    <ClCompile Include="src\sepch.cpp" />
  </ItemGroup>
</Project>